
Microsoft Visual Studio Solution File, Format Version 12.00
# Visual Studio Version 16
VisualStudioVersion = 16.0.30907.101
MinimumVisualStudioVersion = 10.0.40219.1
Project("{9A19103F-16F7-4668-BE54-9A1E7A4F7556}") = "AtelierBusinessLogic", "AtelierBusinessLogic\AtelierBusinessLogic\AtelierBusinessLogic.csproj", "{C602F443-5D51-49DF-A740-F0A01A855F72}"
	ProjectSection(ProjectDependencies) = postProject
		{E4269173-0959-4B67-AD8D-6BAA628B28AC} = {E4269173-0959-4B67-AD8D-6BAA628B28AC}
	EndProjectSection
EndProject
Project("{9A19103F-16F7-4668-BE54-9A1E7A4F7556}") = "AtelierContracts", "AtelierContracts\AtelierContracts\AtelierContracts.csproj", "{E4269173-0959-4B67-AD8D-6BAA628B28AC}"
EndProject
Project("{9A19103F-16F7-4668-BE54-9A1E7A4F7556}") = "AtelierListImplement", "AtelierListImplement\AtelierListImplement\AtelierListImplement.csproj", "{288C1A39-C63A-43CE-B8F7-1AC76719ABAA}"
EndProject
Project("{9A19103F-16F7-4668-BE54-9A1E7A4F7556}") = "AtelierView", "AtelierView1\AtelierView.csproj", "{DF3F8BD5-E2D4-4F01-AA5B-4F9C087D98DE}"
EndProject
Project("{9A19103F-16F7-4668-BE54-9A1E7A4F7556}") = "AtelierFileImplement", "AtelierFileImplement\AtelierFileImplement.csproj", "{161623C2-6DD8-418E-A01F-3E812B72719F}"
EndProject
Project("{9A19103F-16F7-4668-BE54-9A1E7A4F7556}") = "AtelierDatabaseImplement", "AtelierDatabaseImplement\AtelierDatabaseImplement.csproj", "{358F28F1-2F5F-4BE8-9C0A-47AC79A7641D}"
EndProject
Project("{9A19103F-16F7-4668-BE54-9A1E7A4F7556}") = "AtelierRestApi", "AtelierRestApi\AtelierRestApi.csproj", "{9F359A5D-F9C7-4EC9-8A66-71A4BD2A176A}"
	ProjectSection(ProjectDependencies) = postProject
		{C602F443-5D51-49DF-A740-F0A01A855F72} = {C602F443-5D51-49DF-A740-F0A01A855F72}
		{E4269173-0959-4B67-AD8D-6BAA628B28AC} = {E4269173-0959-4B67-AD8D-6BAA628B28AC}
		{358F28F1-2F5F-4BE8-9C0A-47AC79A7641D} = {358F28F1-2F5F-4BE8-9C0A-47AC79A7641D}
	EndProjectSection
EndProject
Project("{FAE04EC0-301F-11D3-BF4B-00C04F79EFBC}") = "AtelierClientApp", "AtelierClientApp\AtelierClientApp.csproj", "{4A58022D-640C-47F3-BAEE-189E11DF62E3}"
EndProject
Global
	GlobalSection(SolutionConfigurationPlatforms) = preSolution
		Debug|Any CPU = Debug|Any CPU
		Release|Any CPU = Release|Any CPU
	EndGlobalSection
	GlobalSection(ProjectConfigurationPlatforms) = postSolution
		{C602F443-5D51-49DF-A740-F0A01A855F72}.Debug|Any CPU.ActiveCfg = Debug|Any CPU
		{C602F443-5D51-49DF-A740-F0A01A855F72}.Debug|Any CPU.Build.0 = Debug|Any CPU
		{C602F443-5D51-49DF-A740-F0A01A855F72}.Release|Any CPU.ActiveCfg = Release|Any CPU
		{C602F443-5D51-49DF-A740-F0A01A855F72}.Release|Any CPU.Build.0 = Release|Any CPU
		{E4269173-0959-4B67-AD8D-6BAA628B28AC}.Debug|Any CPU.ActiveCfg = Debug|Any CPU
		{E4269173-0959-4B67-AD8D-6BAA628B28AC}.Debug|Any CPU.Build.0 = Debug|Any CPU
		{E4269173-0959-4B67-AD8D-6BAA628B28AC}.Release|Any CPU.ActiveCfg = Release|Any CPU
		{E4269173-0959-4B67-AD8D-6BAA628B28AC}.Release|Any CPU.Build.0 = Release|Any CPU
		{288C1A39-C63A-43CE-B8F7-1AC76719ABAA}.Debug|Any CPU.ActiveCfg = Debug|Any CPU
		{288C1A39-C63A-43CE-B8F7-1AC76719ABAA}.Debug|Any CPU.Build.0 = Debug|Any CPU
		{288C1A39-C63A-43CE-B8F7-1AC76719ABAA}.Release|Any CPU.ActiveCfg = Release|Any CPU
		{288C1A39-C63A-43CE-B8F7-1AC76719ABAA}.Release|Any CPU.Build.0 = Release|Any CPU
		{DF3F8BD5-E2D4-4F01-AA5B-4F9C087D98DE}.Debug|Any CPU.ActiveCfg = Debug|Any CPU
		{DF3F8BD5-E2D4-4F01-AA5B-4F9C087D98DE}.Debug|Any CPU.Build.0 = Debug|Any CPU
		{DF3F8BD5-E2D4-4F01-AA5B-4F9C087D98DE}.Release|Any CPU.ActiveCfg = Release|Any CPU
		{DF3F8BD5-E2D4-4F01-AA5B-4F9C087D98DE}.Release|Any CPU.Build.0 = Release|Any CPU
		{161623C2-6DD8-418E-A01F-3E812B72719F}.Debug|Any CPU.ActiveCfg = Debug|Any CPU
		{161623C2-6DD8-418E-A01F-3E812B72719F}.Debug|Any CPU.Build.0 = Debug|Any CPU
		{161623C2-6DD8-418E-A01F-3E812B72719F}.Release|Any CPU.ActiveCfg = Release|Any CPU
		{161623C2-6DD8-418E-A01F-3E812B72719F}.Release|Any CPU.Build.0 = Release|Any CPU
		{358F28F1-2F5F-4BE8-9C0A-47AC79A7641D}.Debug|Any CPU.ActiveCfg = Debug|Any CPU
		{358F28F1-2F5F-4BE8-9C0A-47AC79A7641D}.Debug|Any CPU.Build.0 = Debug|Any CPU
		{358F28F1-2F5F-4BE8-9C0A-47AC79A7641D}.Release|Any CPU.ActiveCfg = Release|Any CPU
		{358F28F1-2F5F-4BE8-9C0A-47AC79A7641D}.Release|Any CPU.Build.0 = Release|Any CPU
		{9F359A5D-F9C7-4EC9-8A66-71A4BD2A176A}.Debug|Any CPU.ActiveCfg = Debug|Any CPU
		{9F359A5D-F9C7-4EC9-8A66-71A4BD2A176A}.Debug|Any CPU.Build.0 = Debug|Any CPU
		{9F359A5D-F9C7-4EC9-8A66-71A4BD2A176A}.Release|Any CPU.ActiveCfg = Release|Any CPU
		{9F359A5D-F9C7-4EC9-8A66-71A4BD2A176A}.Release|Any CPU.Build.0 = Release|Any CPU
		{4A58022D-640C-47F3-BAEE-189E11DF62E3}.Debug|Any CPU.ActiveCfg = Debug|Any CPU
		{4A58022D-640C-47F3-BAEE-189E11DF62E3}.Debug|Any CPU.Build.0 = Debug|Any CPU
		{4A58022D-640C-47F3-BAEE-189E11DF62E3}.Release|Any CPU.ActiveCfg = Release|Any CPU
		{4A58022D-640C-47F3-BAEE-189E11DF62E3}.Release|Any CPU.Build.0 = Release|Any CPU
	EndGlobalSection
	GlobalSection(SolutionProperties) = preSolution
		HideSolutionNode = FALSE
	EndGlobalSection
	GlobalSection(ExtensibilityGlobals) = postSolution
		SolutionGuid = {170E26B3-C53F-4E11-922F-1F5347A87F03}
	EndGlobalSection
EndGlobal
